
Microsoft Visual Studio Solution File, Format Version 12.00
# Visual Studio Version 17
VisualStudioVersion = 17.10.34916.146
MinimumVisualStudioVersion = 10.0.40219.1
Project("{FAE04EC0-301F-11D3-BF4B-00C04F79EFBC}") = "HIKVISIONTestProj", "HIKVISIONTestProj\HIKVISIONTestProj.csproj", "{8358CDDC-0B30-490C-9F09-40D42E85828A}"
EndProject
Global
	GlobalSection(SolutionConfigurationPlatforms) = preSolution
		Debug|Any CPU = Debug|Any CPU
		Release|Any CPU = Release|Any CPU
	EndGlobalSection
	GlobalSection(ProjectConfigurationPlatforms) = postSolution
		{8358CDDC-0B30-490C-9F09-40D42E85828A}.Debug|Any CPU.ActiveCfg = Debug|Any CPU
		{8358CDDC-0B30-490C-9F09-40D42E85828A}.Debug|Any CPU.Build.0 = Debug|Any CPU
		{8358CDDC-0B30-490C-9F09-40D42E85828A}.Release|Any CPU.ActiveCfg = Release|Any CPU
		{8358CDDC-0B30-490C-9F09-40D42E85828A}.Release|Any CPU.Build.0 = Release|Any CPU
	EndGlobalSection
	GlobalSection(SolutionProperties) = preSolution
		HideSolutionNode = FALSE
	EndGlobalSection
	GlobalSection(ExtensibilityGlobals) = postSolution
		SolutionGuid = {4A94407A-BE02-4110-BAC7-6BEC62A0E056}
	EndGlobalSection
EndGlobal
